
Microsoft Visual Studio Solution File, Format Version 12.00
# Visual Studio Version 17
VisualStudioVersion = 17.10.35013.160
MinimumVisualStudioVersion = 10.0.40219.1
Project("{FAE04EC0-301F-11D3-BF4B-00C04F79EFBC}") = "ConsoleSokobanOOP", "ConsoleSokobanOOP\ConsoleSokobanOOP.csproj", "{05D66CAE-4F3A-44C7-97D1-40BC629B16B4}"
EndProject
Global
	GlobalSection(SolutionConfigurationPlatforms) = preSolution
		Debug|Any CPU = Debug|Any CPU
		Release|Any CPU = Release|Any CPU
	EndGlobalSection
	GlobalSection(ProjectConfigurationPlatforms) = postSolution
		{05D66CAE-4F3A-44C7-97D1-40BC629B16B4}.Debug|Any CPU.ActiveCfg = Debug|Any CPU
		{05D66CAE-4F3A-44C7-97D1-40BC629B16B4}.Debug|Any CPU.Build.0 = Debug|Any CPU
		{05D66CAE-4F3A-44C7-97D1-40BC629B16B4}.Release|Any CPU.ActiveCfg = Release|Any CPU
		{05D66CAE-4F3A-44C7-97D1-40BC629B16B4}.Release|Any CPU.Build.0 = Release|Any CPU
	EndGlobalSection
	GlobalSection(SolutionProperties) = preSolution
		HideSolutionNode = FALSE
	EndGlobalSection
	GlobalSection(ExtensibilityGlobals) = postSolution
		SolutionGuid = {B492FEDB-CBE2-42B7-A580-3BE06087A6E9}
	EndGlobalSection
EndGlobal
